
Microsoft Visual Studio Solution File, Format Version 12.00
# Visual Studio Version 17
VisualStudioVersion = 17.5.002.0
MinimumVisualStudioVersion = 10.0.40219.1
Project("{9A19103F-16F7-4668-BE54-9A1E7A4F7556}") = "ApiEmpresa2", "ApiEmpresa2.csproj", "{5A7A161D-1251-4C28-B74D-520EFD3BB429}"
EndProject
Global
	GlobalSection(SolutionConfigurationPlatforms) = preSolution
		Debug|Any CPU = Debug|Any CPU
		Release|Any CPU = Release|Any CPU
	EndGlobalSection
	GlobalSection(ProjectConfigurationPlatforms) = postSolution
		{5A7A161D-1251-4C28-B74D-520EFD3BB429}.Debug|Any CPU.ActiveCfg = Debug|Any CPU
		{5A7A161D-1251-4C28-B74D-520EFD3BB429}.Debug|Any CPU.Build.0 = Debug|Any CPU
		{5A7A161D-1251-4C28-B74D-520EFD3BB429}.Release|Any CPU.ActiveCfg = Release|Any CPU
		{5A7A161D-1251-4C28-B74D-520EFD3BB429}.Release|Any CPU.Build.0 = Release|Any CPU
	EndGlobalSection
	GlobalSection(SolutionProperties) = preSolution
		HideSolutionNode = FALSE
	EndGlobalSection
	GlobalSection(ExtensibilityGlobals) = postSolution
		SolutionGuid = {DADF571C-0044-4AEF-8F89-5EA609DBE013}
	EndGlobalSection
EndGlobal
